
Microsoft Visual Studio Solution File, Format Version 12.00
# Visual Studio Version 16
VisualStudioVersion = 16.0.30611.23
MinimumVisualStudioVersion = 10.0.40219.1
Project("{FAE04EC0-301F-11D3-BF4B-00C04F79EFBC}") = "Pizza to Go!", "Pizza to Go!.csproj", "{C043B8C5-7F55-4090-9574-14C6490D9E51}"
EndProject
Global
	GlobalSection(SolutionConfigurationPlatforms) = preSolution
		Debug|Any CPU = Debug|Any CPU
		Release|Any CPU = Release|Any CPU
	EndGlobalSection
	GlobalSection(ProjectConfigurationPlatforms) = postSolution
		{C043B8C5-7F55-4090-9574-14C6490D9E51}.Debug|Any CPU.ActiveCfg = Debug|Any CPU
		{C043B8C5-7F55-4090-9574-14C6490D9E51}.Debug|Any CPU.Build.0 = Debug|Any CPU
		{C043B8C5-7F55-4090-9574-14C6490D9E51}.Release|Any CPU.ActiveCfg = Release|Any CPU
		{C043B8C5-7F55-4090-9574-14C6490D9E51}.Release|Any CPU.Build.0 = Release|Any CPU
	EndGlobalSection
	GlobalSection(SolutionProperties) = preSolution
		HideSolutionNode = FALSE
	EndGlobalSection
	GlobalSection(ExtensibilityGlobals) = postSolution
		SolutionGuid = {9BAB1C5E-939C-43CE-A470-DD8DA6F3D59D}
	EndGlobalSection
EndGlobal
